
Microsoft Visual Studio Solution File, Format Version 12.00
# Visual Studio Version 16
VisualStudioVersion = 16.0.30523.141
MinimumVisualStudioVersion = 10.0.40219.1
Project("{9A19103F-16F7-4668-BE54-9A1E7A4F7556}") = "app.domain", "app.domain\app.domain.csproj", "{7EFB6C5E-10BD-4643-BC86-E1C24464352C}"
EndProject
Project("{FAE04EC0-301F-11D3-BF4B-00C04F79EFBC}") = "app.repository", "app.repository\app.repository.csproj", "{29860DCC-E630-4F98-A818-BE1B9C410140}"
EndProject
Global
	GlobalSection(SolutionConfigurationPlatforms) = preSolution
		Debug|Any CPU = Debug|Any CPU
		Release|Any CPU = Release|Any CPU
	EndGlobalSection
	GlobalSection(ProjectConfigurationPlatforms) = postSolution
		{7EFB6C5E-10BD-4643-BC86-E1C24464352C}.Debug|Any CPU.ActiveCfg = Debug|Any CPU
		{7EFB6C5E-10BD-4643-BC86-E1C24464352C}.Debug|Any CPU.Build.0 = Debug|Any CPU
		{7EFB6C5E-10BD-4643-BC86-E1C24464352C}.Release|Any CPU.ActiveCfg = Release|Any CPU
		{7EFB6C5E-10BD-4643-BC86-E1C24464352C}.Release|Any CPU.Build.0 = Release|Any CPU
		{29860DCC-E630-4F98-A818-BE1B9C410140}.Debug|Any CPU.ActiveCfg = Debug|Any CPU
		{29860DCC-E630-4F98-A818-BE1B9C410140}.Debug|Any CPU.Build.0 = Debug|Any CPU
		{29860DCC-E630-4F98-A818-BE1B9C410140}.Release|Any CPU.ActiveCfg = Release|Any CPU
		{29860DCC-E630-4F98-A818-BE1B9C410140}.Release|Any CPU.Build.0 = Release|Any CPU
	EndGlobalSection
	GlobalSection(SolutionProperties) = preSolution
		HideSolutionNode = FALSE
	EndGlobalSection
	GlobalSection(ExtensibilityGlobals) = postSolution
		SolutionGuid = {723E0385-A4C2-489F-AFC1-7B669A326760}
	EndGlobalSection
EndGlobal
